// !$*UTF8*$!
{
	archiveVersion = 1;
	classes = {
	};
	objectVersion = 50;
	objects = {

/* Begin PBXBuildFile section */
		17111BA320D36E830025B596 /* StoreKit.framework in Frameworks */ = {isa = PBXBuildFile; fileRef = 17111BA220D36E830025B596 /* StoreKit.framework */; };
		17DD72E020B907D2006A5796 /* AppDelegate.swift in Sources */ = {isa = PBXBuildFile; fileRef = 17DD72DF20B907D2006A5796 /* AppDelegate.swift */; };
		17DD72E220B907D2006A5796 /* ViewController.swift in Sources */ = {isa = PBXBuildFile; fileRef = 17DD72E120B907D2006A5796 /* ViewController.swift */; };
		17DD72E520B907D2006A5796 /* Main.storyboard in Resources */ = {isa = PBXBuildFile; fileRef = 17DD72E320B907D2006A5796 /* Main.storyboard */; };
		17DD72E720B907D3006A5796 /* Assets.xcassets in Resources */ = {isa = PBXBuildFile; fileRef = 17DD72E620B907D3006A5796 /* Assets.xcassets */; };
		17DD72EA20B907D3006A5796 /* LaunchScreen.storyboard in Resources */ = {isa = PBXBuildFile; fileRef = 17DD72E820B907D3006A5796 /* LaunchScreen.storyboard */; };
		17DD72F220B90A0B006A5796 /* Purchases.framework in Frameworks */ = {isa = PBXBuildFile; fileRef = 17DD72F120B90A0A006A5796 /* Purchases.framework */; };
		17DD72F320B90A0B006A5796 /* Purchases.framework in Embed Frameworks */ = {isa = PBXBuildFile; fileRef = 17DD72F120B90A0A006A5796 /* Purchases.framework */; settings = {ATTRIBUTES = (CodeSignOnCopy, RemoveHeadersOnCopy, ); }; };
/* End PBXBuildFile section */

/* Begin PBXCopyFilesBuildPhase section */
		17DD72F420B90A0B006A5796 /* Embed Frameworks */ = {
			isa = PBXCopyFilesBuildPhase;
			buildActionMask = 2147483647;
			dstPath = "";
			dstSubfolderSpec = 10;
			files = (
				17DD72F320B90A0B006A5796 /* Purchases.framework in Embed Frameworks */,
			);
			name = "Embed Frameworks";
			runOnlyForDeploymentPostprocessing = 0;
		};
/* End PBXCopyFilesBuildPhase section */

/* Begin PBXFileReference section */
		17111BA220D36E830025B596 /* StoreKit.framework */ = {isa = PBXFileReference; lastKnownFileType = wrapper.framework; name = StoreKit.framework; path = System/Library/Frameworks/StoreKit.framework; sourceTree = SDKROOT; };
		17DD72DC20B907D2006A5796 /* RevenueCat.app */ = {isa = PBXFileReference; explicitFileType = wrapper.application; includeInIndex = 0; path = RevenueCat.app; sourceTree = BUILT_PRODUCTS_DIR; };
		17DD72DF20B907D2006A5796 /* AppDelegate.swift */ = {isa = PBXFileReference; lastKnownFileType = sourcecode.swift; path = AppDelegate.swift; sourceTree = "<group>"; };
		17DD72E120B907D2006A5796 /* ViewController.swift */ = {isa = PBXFileReference; lastKnownFileType = sourcecode.swift; path = ViewController.swift; sourceTree = "<group>"; };
		17DD72E420B907D2006A5796 /* Base */ = {isa = PBXFileReference; lastKnownFileType = file.storyboard; name = Base; path = Base.lproj/Main.storyboard; sourceTree = "<group>"; };
		17DD72E620B907D3006A5796 /* Assets.xcassets */ = {isa = PBXFileReference; lastKnownFileType = folder.assetcatalog; path = Assets.xcassets; sourceTree = "<group>"; };
		17DD72E920B907D3006A5796 /* Base */ = {isa = PBXFileReference; lastKnownFileType = file.storyboard; name = Base; path = Base.lproj/LaunchScreen.storyboard; sourceTree = "<group>"; };
		17DD72EB20B907D3006A5796 /* Info.plist */ = {isa = PBXFileReference; lastKnownFileType = text.plist.xml; path = Info.plist; sourceTree = "<group>"; };
		17DD72F120B90A0A006A5796 /* Purchases.framework */ = {isa = PBXFileReference; lastKnownFileType = wrapper.framework; name = Purchases.framework; path = ../Carthage/Build/iOS/Purchases.framework; sourceTree = "<group>"; };
/* End PBXFileReference section */

/* Begin PBXFrameworksBuildPhase section */
		17DD72D920B907D2006A5796 /* Frameworks */ = {
			isa = PBXFrameworksBuildPhase;
			buildActionMask = 2147483647;
			files = (
				17DD72F220B90A0B006A5796 /* Purchases.framework in Frameworks */,
				17111BA320D36E830025B596 /* StoreKit.framework in Frameworks */,
			);
			runOnlyForDeploymentPostprocessing = 0;
		};
/* End PBXFrameworksBuildPhase section */

/* Begin PBXGroup section */
		17111BA120D36E830025B596 /* Frameworks */ = {
			isa = PBXGroup;
			children = (
				17111BA220D36E830025B596 /* StoreKit.framework */,
			);
			name = Frameworks;
			sourceTree = "<group>";
		};
		17DD72D320B907D2006A5796 = {
			isa = PBXGroup;
			children = (
				17DD72F120B90A0A006A5796 /* Purchases.framework */,
				17DD72DE20B907D2006A5796 /* RevenueCat */,
				17DD72DD20B907D2006A5796 /* Products */,
				17111BA120D36E830025B596 /* Frameworks */,
			);
			sourceTree = "<group>";
		};
		17DD72DD20B907D2006A5796 /* Products */ = {
			isa = PBXGroup;
			children = (
				17DD72DC20B907D2006A5796 /* RevenueCat.app */,
			);
			name = Products;
			sourceTree = "<group>";
		};
		17DD72DE20B907D2006A5796 /* RevenueCat */ = {
			isa = PBXGroup;
			children = (
				17DD72DF20B907D2006A5796 /* AppDelegate.swift */,
				17DD72E120B907D2006A5796 /* ViewController.swift */,
				17DD72E320B907D2006A5796 /* Main.storyboard */,
				17DD72E620B907D3006A5796 /* Assets.xcassets */,
				17DD72E820B907D3006A5796 /* LaunchScreen.storyboard */,
				17DD72EB20B907D3006A5796 /* Info.plist */,
			);
			path = RevenueCat;
			sourceTree = "<group>";
		};
/* End PBXGroup section */

/* Begin PBXNativeTarget section */
		17DD72DB20B907D2006A5796 /* RevenueCat */ = {
			isa = PBXNativeTarget;
			buildConfigurationList = 17DD72EE20B907D3006A5796 /* Build configuration list for PBXNativeTarget "RevenueCat" */;
			buildPhases = (
				17DD72D820B907D2006A5796 /* Sources */,
				17DD72D920B907D2006A5796 /* Frameworks */,
				17DD72DA20B907D2006A5796 /* Resources */,
				17DD72F420B90A0B006A5796 /* Embed Frameworks */,
			);
			buildRules = (
			);
			dependencies = (
			);
			name = RevenueCat;
			productName = RevenueCat;
			productReference = 17DD72DC20B907D2006A5796 /* RevenueCat.app */;
			productType = "com.apple.product-type.application";
		};
/* End PBXNativeTarget section */

/* Begin PBXProject section */
		17DD72D420B907D2006A5796 /* Project object */ = {
			isa = PBXProject;
			attributes = {
				LastSwiftUpdateCheck = 0930;
				LastUpgradeCheck = 0930;
				ORGANIZATIONNAME = "Domains by Stu";
				TargetAttributes = {
					17DD72DB20B907D2006A5796 = {
						CreatedOnToolsVersion = 9.3;
						SystemCapabilities = {
							com.apple.InAppPurchase = {
								enabled = 1;
							};
						};
					};
				};
			};
			buildConfigurationList = 17DD72D720B907D2006A5796 /* Build configuration list for PBXProject "RevenueCat" */;
			compatibilityVersion = "Xcode 9.3";
			developmentRegion = en;
			hasScannedForEncodings = 0;
			knownRegions = (
				en,
				Base,
			);
			mainGroup = 17DD72D320B907D2006A5796;
			productRefGroup = 17DD72DD20B907D2006A5796 /* Products */;
			projectDirPath = "";
			projectRoot = "";
			targets = (
				17DD72DB20B907D2006A5796 /* RevenueCat */,
			);
		};
/* End PBXProject section */

/* Begin PBXResourcesBuildPhase section */
		17DD72DA20B907D2006A5796 /* Resources */ = {
			isa = PBXResourcesBuildPhase;
			buildActionMask = 2147483647;
			files = (
				17DD72EA20B907D3006A5796 /* LaunchScreen.storyboard in Resources */,
				17DD72E720B907D3006A5796 /* Assets.xcassets in Resources */,
				17DD72E520B907D2006A5796 /* Main.storyboard in Resources */,
			);
			runOnlyForDeploymentPostprocessing = 0;
		};
/* End PBXResourcesBuildPhase section */

/* Begin PBXSourcesBuildPhase section */
		17DD72D820B907D2006A5796 /* Sources */ = {
			isa = PBXSourcesBuildPhase;
			buildActionMask = 2147483647;
			files = (
				17DD72E220B907D2006A5796 /* ViewController.swift in Sources */,
				17DD72E020B907D2006A5796 /* AppDelegate.swift in Sources */,
			);
			runOnlyForDeploymentPostprocessing = 0;
		};
/* End PBXSourcesBuildPhase section */

/* Begin PBXVariantGroup section */
		17DD72E320B907D2006A5796 /* Main.storyboard */ = {
			isa = PBXVariantGroup;
			children = (
				17DD72E420B907D2006A5796 /* Base */,
			);
			name = Main.storyboard;
			sourceTree = "<group>";
		};
		17DD72E820B907D3006A5796 /* LaunchScreen.storyboard */ = {
			isa = PBXVariantGroup;
			children = (
				17DD72E920B907D3006A5796 /* Base */,
			);
			name = LaunchScreen.storyboard;
			sourceTree = "<group>";
		};
/* End PBXVariantGroup section */

/* Begin XCBuildConfiguration section */
		17DD72EC20B907D3006A5796 /* Debug */ = {
			isa = XCBuildConfiguration;
			buildSettings = {
				ALWAYS_SEARCH_USER_PATHS = NO;
				CLANG_ANALYZER_NONNULL = YES;
				CLANG_ANALYZER_NUMBER_OBJECT_CONVERSION = YES_AGGRESSIVE;
				CLANG_CXX_LANGUAGE_STANDARD = "gnu++14";
				CLANG_CXX_LIBRARY = "libc++";
				CLANG_ENABLE_MODULES = YES;
				CLANG_ENABLE_OBJC_ARC = YES;
				CLANG_ENABLE_OBJC_WEAK = YES;
				CLANG_WARN_BLOCK_CAPTURE_AUTORELEASING = YES;
				CLANG_WARN_BOOL_CONVERSION = YES;
				CLANG_WARN_COMMA = YES;
				CLANG_WARN_CONSTANT_CONVERSION = YES;
				CLANG_WARN_DEPRECATED_OBJC_IMPLEMENTATIONS = YES;
				CLANG_WARN_DIRECT_OBJC_ISA_USAGE = YES_ERROR;
				CLANG_WARN_DOCUMENTATION_COMMENTS = YES;
				CLANG_WARN_EMPTY_BODY = YES;
				CLANG_WARN_ENUM_CONVERSION = YES;
				CLANG_WARN_INFINITE_RECURSION = YES;
				CLANG_WARN_INT_CONVERSION = YES;
				CLANG_WARN_NON_LITERAL_NULL_CONVERSION = YES;
				CLANG_WARN_OBJC_IMPLICIT_RETAIN_SELF = YES;
				CLANG_WARN_OBJC_LITERAL_CONVERSION = YES;
				CLANG_WARN_OBJC_ROOT_CLASS = YES_ERROR;
				CLANG_WARN_RANGE_LOOP_ANALYSIS = YES;
				CLANG_WARN_STRICT_PROTOTYPES = YES;
				CLANG_WARN_SUSPICIOUS_MOVE = YES;
				CLANG_WARN_UNGUARDED_AVAILABILITY = YES_AGGRESSIVE;
				CLANG_WARN_UNREACHABLE_CODE = YES;
				CLANG_WARN__DUPLICATE_METHOD_MATCH = YES;
				CODE_SIGN_IDENTITY = "iPhone Developer";
				COPY_PHASE_STRIP = NO;
				DEBUG_INFORMATION_FORMAT = dwarf;
				ENABLE_STRICT_OBJC_MSGSEND = YES;
				ENABLE_TESTABILITY = YES;
				GCC_C_LANGUAGE_STANDARD = gnu11;
				GCC_DYNAMIC_NO_PIC = NO;
				GCC_NO_COMMON_BLOCKS = YES;
				GCC_OPTIMIZATION_LEVEL = 0;
				GCC_PREPROCESSOR_DEFINITIONS = (
					"DEBUG=1",
					"$(inherited)",
				);
				GCC_WARN_64_TO_32_BIT_CONVERSION = YES;
				GCC_WARN_ABOUT_RETURN_TYPE = YES_ERROR;
				GCC_WARN_UNDECLARED_SELECTOR = YES;
				GCC_WARN_UNINITIALIZED_AUTOS = YES_AGGRESSIVE;
				GCC_WARN_UNUSED_FUNCTION = YES;
				GCC_WARN_UNUSED_VARIABLE = YES;
				IPHONEOS_DEPLOYMENT_TARGET = 11.3;
				MTL_ENABLE_DEBUG_INFO = YES;
				ONLY_ACTIVE_ARCH = YES;
				SDKROOT = iphoneos;
				SWIFT_ACTIVE_COMPILATION_CONDITIONS = DEBUG;
				SWIFT_OPTIMIZATION_LEVEL = "-Onone";
			};
			name = Debug;
		};
		17DD72ED20B907D3006A5796 /* Release */ = {
			isa = XCBuildConfiguration;
			buildSettings = {
				ALWAYS_SEARCH_USER_PATHS = NO;
				CLANG_ANALYZER_NONNULL = YES;
				CLANG_ANALYZER_NUMBER_OBJECT_CONVERSION = YES_AGGRESSIVE;
				CLANG_CXX_LANGUAGE_STANDARD = "gnu++14";
				CLANG_CXX_LIBRARY = "libc++";
				CLANG_ENABLE_MODULES = YES;
				CLANG_ENABLE_OBJC_ARC = YES;
				CLANG_ENABLE_OBJC_WEAK = YES;
				CLANG_WARN_BLOCK_CAPTURE_AUTORELEASING = YES;
				CLANG_WARN_BOOL_CONVERSION = YES;
				CLANG_WARN_COMMA = YES;
				CLANG_WARN_CONSTANT_CONVERSION = YES;
				CLANG_WARN_DEPRECATED_OBJC_IMPLEMENTATIONS = YES;
				CLANG_WARN_DIRECT_OBJC_ISA_USAGE = YES_ERROR;
				CLANG_WARN_DOCUMENTATION_COMMENTS = YES;
				CLANG_WARN_EMPTY_BODY = YES;
				CLANG_WARN_ENUM_CONVERSION = YES;
				CLANG_WARN_INFINITE_RECURSION = YES;
				CLANG_WARN_INT_CONVERSION = YES;
				CLANG_WARN_NON_LITERAL_NULL_CONVERSION = YES;
				CLANG_WARN_OBJC_IMPLICIT_RETAIN_SELF = YES;
				CLANG_WARN_OBJC_LITERAL_CONVERSION = YES;
				CLANG_WARN_OBJC_ROOT_CLASS = YES_ERROR;
				CLANG_WARN_RANGE_LOOP_ANALYSIS = YES;
				CLANG_WARN_STRICT_PROTOTYPES = YES;
				CLANG_WARN_SUSPICIOUS_MOVE = YES;
				CLANG_WARN_UNGUARDED_AVAILABILITY = YES_AGGRESSIVE;
				CLANG_WARN_UNREACHABLE_CODE = YES;
				CLANG_WARN__DUPLICATE_METHOD_MATCH = YES;
				CODE_SIGN_IDENTITY = "iPhone Developer";
				COPY_PHASE_STRIP = NO;
				DEBUG_INFORMATION_FORMAT = "dwarf-with-dsym";
				ENABLE_NS_ASSERTIONS = NO;
				ENABLE_STRICT_OBJC_MSGSEND = YES;
				GCC_C_LANGUAGE_STANDARD = gnu11;
				GCC_NO_COMMON_BLOCKS = YES;
				GCC_WARN_64_TO_32_BIT_CONVERSION = YES;
				GCC_WARN_ABOUT_RETURN_TYPE = YES_ERROR;
				GCC_WARN_UNDECLARED_SELECTOR = YES;
				GCC_WARN_UNINITIALIZED_AUTOS = YES_AGGRESSIVE;
				GCC_WARN_UNUSED_FUNCTION = YES;
				GCC_WARN_UNUSED_VARIABLE = YES;
				IPHONEOS_DEPLOYMENT_TARGET = 11.3;
				MTL_ENABLE_DEBUG_INFO = NO;
				SDKROOT = iphoneos;
				SWIFT_COMPILATION_MODE = wholemodule;
				SWIFT_OPTIMIZATION_LEVEL = "-O";
				VALIDATE_PRODUCT = YES;
			};
			name = Release;
		};
		17DD72EF20B907D3006A5796 /* Debug */ = {
			isa = XCBuildConfiguration;
			buildSettings = {
				ASSETCATALOG_COMPILER_APPICON_NAME = AppIcon;
				CODE_SIGN_STYLE = Automatic;
				DEVELOPMENT_TEAM = F8RA2862TX;
				INFOPLIST_FILE = RevenueCat/Info.plist;
				LD_RUNPATH_SEARCH_PATHS = (
					"$(inherited)",
					"@executable_path/Frameworks",
				);
				PRODUCT_BUNDLE_IDENTIFIER = com.domainsbystu.RevenueCat;
				PRODUCT_NAME = "$(TARGET_NAME)";
				SWIFT_VERSION = 4.0;
				TARGETED_DEVICE_FAMILY = "1,2";
			};
			name = Debug;
		};
		17DD72F020B907D3006A5796 /* Release */ = {
			isa = XCBuildConfiguration;
			buildSettings = {
				ASSETCATALOG_COMPILER_APPICON_NAME = AppIcon;
				CODE_SIGN_STYLE = Automatic;
				DEVELOPMENT_TEAM = F8RA2862TX;
				INFOPLIST_FILE = RevenueCat/Info.plist;
				LD_RUNPATH_SEARCH_PATHS = (
					"$(inherited)",
					"@executable_path/Frameworks",
				);
				PRODUCT_BUNDLE_IDENTIFIER = com.domainsbystu.RevenueCat;
				PRODUCT_NAME = "$(TARGET_NAME)";
				SWIFT_VERSION = 4.0;
				TARGETED_DEVICE_FAMILY = "1,2";
			};
			name = Release;
		};
/* End XCBuildConfiguration section */

/* Begin XCConfigurationList section */
		17DD72D720B907D2006A5796 /* Build configuration list for PBXProject "RevenueCat" */ = {
			isa = XCConfigurationList;
			buildConfigurations = (
				17DD72EC20B907D3006A5796 /* Debug */,
				17DD72ED20B907D3006A5796 /* Release */,
			);
			defaultConfigurationIsVisible = 0;
			defaultConfigurationName = Release;
		};
		17DD72EE20B907D3006A5796 /* Build configuration list for PBXNativeTarget "RevenueCat" */ = {
			isa = XCConfigurationList;
			buildConfigurations = (
				17DD72EF20B907D3006A5796 /* Debug */,
				17DD72F020B907D3006A5796 /* Release */,
			);
			defaultConfigurationIsVisible = 0;
			defaultConfigurationName = Release;
		};
/* End XCConfigurationList section */
	};
	rootObject = 17DD72D420B907D2006A5796 /* Project object */;
}
